// !$*UTF8*$!
{
	archiveVersion = 1;
	classes = {
	};
	objectVersion = 46;
	objects = {

/* Begin PBXBuildFile section */
		450448D61CA1175800948728 /* IDCardLayer.m in Sources */ = {isa = PBXBuildFile; fileRef = 450448D51CA1175800948728 /* IDCardLayer.m */; };
		450448D91CA13BDB00948728 /* UIImage-Extensions.m in Sources */ = {isa = PBXBuildFile; fileRef = 450448D81CA13BDB00948728 /* UIImage-Extensions.m */; };
		453537CA1C8E931B00BA209B /* main.m in Sources */ = {isa = PBXBuildFile; fileRef = 453537C91C8E931B00BA209B /* main.m */; };
		453537CD1C8E931B00BA209B /* AppDelegate.m in Sources */ = {isa = PBXBuildFile; fileRef = 453537CC1C8E931B00BA209B /* AppDelegate.m */; };
		453537D01C8E931B00BA209B /* ViewController.m in Sources */ = {isa = PBXBuildFile; fileRef = 453537CF1C8E931B00BA209B /* ViewController.m */; };
		453537D31C8E931B00BA209B /* Main.storyboard in Resources */ = {isa = PBXBuildFile; fileRef = 453537D11C8E931B00BA209B /* Main.storyboard */; };
		453537D51C8E931B00BA209B /* Assets.xcassets in Resources */ = {isa = PBXBuildFile; fileRef = 453537D41C8E931B00BA209B /* Assets.xcassets */; };
		453537D81C8E931B00BA209B /* LaunchScreen.storyboard in Resources */ = {isa = PBXBuildFile; fileRef = 453537D61C8E931B00BA209B /* LaunchScreen.storyboard */; };
		457FFAF51CC4728B006C8C75 /* Base64.m in Sources */ = {isa = PBXBuildFile; fileRef = 457FFAF41CC4728B006C8C75 /* Base64.m */; };
		457FFAF91CC47364006C8C75 /* JSON.m in Sources */ = {isa = PBXBuildFile; fileRef = 457FFAF81CC47364006C8C75 /* JSON.m */; };
		45E120E61CB643B30075F6C5 /* SelectIDViewController.m in Sources */ = {isa = PBXBuildFile; fileRef = 45E120E51CB643B30075F6C5 /* SelectIDViewController.m */; };
		45E120E91CB647F50075F6C5 /* AddIDViewController.m in Sources */ = {isa = PBXBuildFile; fileRef = 45E120E81CB647F50075F6C5 /* AddIDViewController.m */; };
		45E120EE1CB736D30075F6C5 /* idcard_mask.png in Resources */ = {isa = PBXBuildFile; fileRef = 45E120ED1CB736D30075F6C5 /* idcard_mask.png */; };
		45FA9AA81CA4C969005C6725 /* HUD.m in Sources */ = {isa = PBXBuildFile; fileRef = 45FA9AA71CA4C969005C6725 /* HUD.m */; };
		45FEB7321CA36F2C005A173B /* UIImage+Denoise.m in Sources */ = {isa = PBXBuildFile; fileRef = 45FEB7311CA36F2C005A173B /* UIImage+Denoise.m */; };
		D14BDD73FC1609AAC7D63CCC /* libPods.a in Frameworks */ = {isa = PBXBuildFile; fileRef = 788BD304F041694EDC4B544D /* libPods.a */; };
/* End PBXBuildFile section */

/* Begin PBXFileReference section */
		439E29F06EA0F10A10106F67 /* Pods.debug.xcconfig */ = {isa = PBXFileReference; includeInIndex = 1; lastKnownFileType = text.xcconfig; name = Pods.debug.xcconfig; path = "Pods/Target Support Files/Pods/Pods.debug.xcconfig"; sourceTree = "<group>"; };
		450448D41CA1175800948728 /* IDCardLayer.h */ = {isa = PBXFileReference; fileEncoding = 4; lastKnownFileType = sourcecode.c.h; path = IDCardLayer.h; sourceTree = "<group>"; };
		450448D51CA1175800948728 /* IDCardLayer.m */ = {isa = PBXFileReference; fileEncoding = 4; lastKnownFileType = sourcecode.c.objc; path = IDCardLayer.m; sourceTree = "<group>"; };
		450448D71CA13BDB00948728 /* UIImage-Extensions.h */ = {isa = PBXFileReference; fileEncoding = 4; lastKnownFileType = sourcecode.c.h; path = "UIImage-Extensions.h"; sourceTree = "<group>"; };
		450448D81CA13BDB00948728 /* UIImage-Extensions.m */ = {isa = PBXFileReference; fileEncoding = 4; lastKnownFileType = sourcecode.c.objc; path = "UIImage-Extensions.m"; sourceTree = "<group>"; };
		453537C51C8E931B00BA209B /* testOCR.app */ = {isa = PBXFileReference; explicitFileType = wrapper.application; includeInIndex = 0; path = testOCR.app; sourceTree = BUILT_PRODUCTS_DIR; };
		453537C91C8E931B00BA209B /* main.m */ = {isa = PBXFileReference; lastKnownFileType = sourcecode.c.objc; path = main.m; sourceTree = "<group>"; };
		453537CB1C8E931B00BA209B /* AppDelegate.h */ = {isa = PBXFileReference; lastKnownFileType = sourcecode.c.h; path = AppDelegate.h; sourceTree = "<group>"; };
		453537CC1C8E931B00BA209B /* AppDelegate.m */ = {isa = PBXFileReference; lastKnownFileType = sourcecode.c.objc; path = AppDelegate.m; sourceTree = "<group>"; };
		453537CE1C8E931B00BA209B /* ViewController.h */ = {isa = PBXFileReference; lastKnownFileType = sourcecode.c.h; path = ViewController.h; sourceTree = "<group>"; };
		453537CF1C8E931B00BA209B /* ViewController.m */ = {isa = PBXFileReference; lastKnownFileType = sourcecode.c.objc; path = ViewController.m; sourceTree = "<group>"; };
		453537D21C8E931B00BA209B /* Base */ = {isa = PBXFileReference; lastKnownFileType = file.storyboard; name = Base; path = Base.lproj/Main.storyboard; sourceTree = "<group>"; };
		453537D41C8E931B00BA209B /* Assets.xcassets */ = {isa = PBXFileReference; lastKnownFileType = folder.assetcatalog; path = Assets.xcassets; sourceTree = "<group>"; };
		453537D71C8E931B00BA209B /* Base */ = {isa = PBXFileReference; lastKnownFileType = file.storyboard; name = Base; path = Base.lproj/LaunchScreen.storyboard; sourceTree = "<group>"; };
		453537D91C8E931B00BA209B /* Info.plist */ = {isa = PBXFileReference; lastKnownFileType = text.plist.xml; path = Info.plist; sourceTree = "<group>"; };
		457FFAF31CC4728B006C8C75 /* Base64.h */ = {isa = PBXFileReference; fileEncoding = 4; lastKnownFileType = sourcecode.c.h; path = Base64.h; sourceTree = "<group>"; };
		457FFAF41CC4728B006C8C75 /* Base64.m */ = {isa = PBXFileReference; fileEncoding = 4; lastKnownFileType = sourcecode.c.objc; path = Base64.m; sourceTree = "<group>"; };
		457FFAF71CC47364006C8C75 /* JSON.h */ = {isa = PBXFileReference; fileEncoding = 4; lastKnownFileType = sourcecode.c.h; path = JSON.h; sourceTree = "<group>"; };
		457FFAF81CC47364006C8C75 /* JSON.m */ = {isa = PBXFileReference; fileEncoding = 4; lastKnownFileType = sourcecode.c.objc; path = JSON.m; sourceTree = "<group>"; };
		45E120E41CB643B30075F6C5 /* SelectIDViewController.h */ = {isa = PBXFileReference; fileEncoding = 4; lastKnownFileType = sourcecode.c.h; path = SelectIDViewController.h; sourceTree = "<group>"; };
		45E120E51CB643B30075F6C5 /* SelectIDViewController.m */ = {isa = PBXFileReference; fileEncoding = 4; lastKnownFileType = sourcecode.c.objc; path = SelectIDViewController.m; sourceTree = "<group>"; };
		45E120E71CB647F50075F6C5 /* AddIDViewController.h */ = {isa = PBXFileReference; fileEncoding = 4; lastKnownFileType = sourcecode.c.h; path = AddIDViewController.h; sourceTree = "<group>"; };
		45E120E81CB647F50075F6C5 /* AddIDViewController.m */ = {isa = PBXFileReference; fileEncoding = 4; lastKnownFileType = sourcecode.c.objc; path = AddIDViewController.m; sourceTree = "<group>"; };
		45E120ED1CB736D30075F6C5 /* idcard_mask.png */ = {isa = PBXFileReference; lastKnownFileType = image.png; path = idcard_mask.png; sourceTree = "<group>"; };
		45FA9AA61CA4C969005C6725 /* HUD.h */ = {isa = PBXFileReference; fileEncoding = 4; lastKnownFileType = sourcecode.c.h; path = HUD.h; sourceTree = "<group>"; };
		45FA9AA71CA4C969005C6725 /* HUD.m */ = {isa = PBXFileReference; fileEncoding = 4; lastKnownFileType = sourcecode.c.objc; path = HUD.m; sourceTree = "<group>"; };
		45FEB7301CA36F2C005A173B /* UIImage+Denoise.h */ = {isa = PBXFileReference; fileEncoding = 4; lastKnownFileType = sourcecode.c.h; path = "UIImage+Denoise.h"; sourceTree = "<group>"; };
		45FEB7311CA36F2C005A173B /* UIImage+Denoise.m */ = {isa = PBXFileReference; fileEncoding = 4; lastKnownFileType = sourcecode.c.objc; path = "UIImage+Denoise.m"; sourceTree = "<group>"; };
		788BD304F041694EDC4B544D /* libPods.a */ = {isa = PBXFileReference; explicitFileType = archive.ar; includeInIndex = 0; path = libPods.a; sourceTree = BUILT_PRODUCTS_DIR; };
		E4A944505AF57CF8E19FAC23 /* Pods.release.xcconfig */ = {isa = PBXFileReference; includeInIndex = 1; lastKnownFileType = text.xcconfig; name = Pods.release.xcconfig; path = "Pods/Target Support Files/Pods/Pods.release.xcconfig"; sourceTree = "<group>"; };
/* End PBXFileReference section */

/* Begin PBXFrameworksBuildPhase section */
		453537C21C8E931B00BA209B /* Frameworks */ = {
			isa = PBXFrameworksBuildPhase;
			buildActionMask = 2147483647;
			files = (
				D14BDD73FC1609AAC7D63CCC /* libPods.a in Frameworks */,
			);
			runOnlyForDeploymentPostprocessing = 0;
		};
/* End PBXFrameworksBuildPhase section */

/* Begin PBXGroup section */
		029F1C1FE56A25331026A03E /* Pods */ = {
			isa = PBXGroup;
			children = (
				439E29F06EA0F10A10106F67 /* Pods.debug.xcconfig */,
				E4A944505AF57CF8E19FAC23 /* Pods.release.xcconfig */,
			);
			name = Pods;
			sourceTree = "<group>";
		};
		453537BC1C8E931B00BA209B = {
			isa = PBXGroup;
			children = (
				453537C71C8E931B00BA209B /* testOCR */,
				453537C61C8E931B00BA209B /* Products */,
				029F1C1FE56A25331026A03E /* Pods */,
				8E861CFDD6CA9DF83FF12374 /* Frameworks */,
			);
			sourceTree = "<group>";
		};
		453537C61C8E931B00BA209B /* Products */ = {
			isa = PBXGroup;
			children = (
				453537C51C8E931B00BA209B /* testOCR.app */,
			);
			name = Products;
			sourceTree = "<group>";
		};
		453537C71C8E931B00BA209B /* testOCR */ = {
			isa = PBXGroup;
			children = (
				453537CB1C8E931B00BA209B /* AppDelegate.h */,
				453537CC1C8E931B00BA209B /* AppDelegate.m */,
				45E120ED1CB736D30075F6C5 /* idcard_mask.png */,
				453537CE1C8E931B00BA209B /* ViewController.h */,
				453537CF1C8E931B00BA209B /* ViewController.m */,
				45E120E41CB643B30075F6C5 /* SelectIDViewController.h */,
				45E120E51CB643B30075F6C5 /* SelectIDViewController.m */,
				45E120E71CB647F50075F6C5 /* AddIDViewController.h */,
				45E120E81CB647F50075F6C5 /* AddIDViewController.m */,
				450448D71CA13BDB00948728 /* UIImage-Extensions.h */,
				450448D81CA13BDB00948728 /* UIImage-Extensions.m */,
				450448D41CA1175800948728 /* IDCardLayer.h */,
				450448D51CA1175800948728 /* IDCardLayer.m */,
				453537D11C8E931B00BA209B /* Main.storyboard */,
				453537D41C8E931B00BA209B /* Assets.xcassets */,
				453537D61C8E931B00BA209B /* LaunchScreen.storyboard */,
				453537D91C8E931B00BA209B /* Info.plist */,
				457FFAF61CC47364006C8C75 /* JSON */,
				457FFAF21CC4728B006C8C75 /* Base64 */,
				45FA9AA51CA4C969005C6725 /* HUD */,
				453537C81C8E931B00BA209B /* Supporting Files */,
				45FEB7301CA36F2C005A173B /* UIImage+Denoise.h */,
				45FEB7311CA36F2C005A173B /* UIImage+Denoise.m */,
			);
			path = testOCR;
			sourceTree = "<group>";
		};
		453537C81C8E931B00BA209B /* Supporting Files */ = {
			isa = PBXGroup;
			children = (
				453537C91C8E931B00BA209B /* main.m */,
			);
			name = "Supporting Files";
			sourceTree = "<group>";
		};
		457FFAF21CC4728B006C8C75 /* Base64 */ = {
			isa = PBXGroup;
			children = (
				457FFAF31CC4728B006C8C75 /* Base64.h */,
				457FFAF41CC4728B006C8C75 /* Base64.m */,
			);
			path = Base64;
			sourceTree = "<group>";
		};
		457FFAF61CC47364006C8C75 /* JSON */ = {
			isa = PBXGroup;
			children = (
				457FFAF71CC47364006C8C75 /* JSON.h */,
				457FFAF81CC47364006C8C75 /* JSON.m */,
			);
			path = JSON;
			sourceTree = "<group>";
		};
		45FA9AA51CA4C969005C6725 /* HUD */ = {
			isa = PBXGroup;
			children = (
				45FA9AA61CA4C969005C6725 /* HUD.h */,
				45FA9AA71CA4C969005C6725 /* HUD.m */,
			);
			path = HUD;
			sourceTree = "<group>";
		};
		8E861CFDD6CA9DF83FF12374 /* Frameworks */ = {
			isa = PBXGroup;
			children = (
				788BD304F041694EDC4B544D /* libPods.a */,
			);
			name = Frameworks;
			sourceTree = "<group>";
		};
/* End PBXGroup section */

/* Begin PBXNativeTarget section */
		453537C41C8E931B00BA209B /* testOCR */ = {
			isa = PBXNativeTarget;
			buildConfigurationList = 453537DC1C8E931B00BA209B /* Build configuration list for PBXNativeTarget "testOCR" */;
			buildPhases = (
				735D83BD614BF59745558EBC /* Check Pods Manifest.lock */,
				453537C11C8E931B00BA209B /* Sources */,
				453537C21C8E931B00BA209B /* Frameworks */,
				453537C31C8E931B00BA209B /* Resources */,
				4F789D1D795678F0142BD01E /* Embed Pods Frameworks */,
				F173B03E89587DB5DD175EF8 /* Copy Pods Resources */,
			);
			buildRules = (
			);
			dependencies = (
			);
			name = testOCR;
			productName = testOCR;
			productReference = 453537C51C8E931B00BA209B /* testOCR.app */;
			productType = "com.apple.product-type.application";
		};
/* End PBXNativeTarget section */

/* Begin PBXProject section */
		453537BD1C8E931B00BA209B /* Project object */ = {
			isa = PBXProject;
			attributes = {
				LastUpgradeCheck = 0720;
				ORGANIZATIONNAME = LeiQiao;
				TargetAttributes = {
					453537C41C8E931B00BA209B = {
						CreatedOnToolsVersion = 7.2.1;
					};
				};
			};
			buildConfigurationList = 453537C01C8E931B00BA209B /* Build configuration list for PBXProject "testOCR" */;
			compatibilityVersion = "Xcode 3.2";
			developmentRegion = English;
			hasScannedForEncodings = 0;
			knownRegions = (
				en,
				Base,
			);
			mainGroup = 453537BC1C8E931B00BA209B;
			productRefGroup = 453537C61C8E931B00BA209B /* Products */;
			projectDirPath = "";
			projectRoot = "";
			targets = (
				453537C41C8E931B00BA209B /* testOCR */,
			);
		};
/* End PBXProject section */

/* Begin PBXResourcesBuildPhase section */
		453537C31C8E931B00BA209B /* Resources */ = {
			isa = PBXResourcesBuildPhase;
			buildActionMask = 2147483647;
			files = (
				45E120EE1CB736D30075F6C5 /* idcard_mask.png in Resources */,
				453537D81C8E931B00BA209B /* LaunchScreen.storyboard in Resources */,
				453537D51C8E931B00BA209B /* Assets.xcassets in Resources */,
				453537D31C8E931B00BA209B /* Main.storyboard in Resources */,
			);
			runOnlyForDeploymentPostprocessing = 0;
		};
/* End PBXResourcesBuildPhase section */

/* Begin PBXShellScriptBuildPhase section */
		4F789D1D795678F0142BD01E /* Embed Pods Frameworks */ = {
			isa = PBXShellScriptBuildPhase;
			buildActionMask = 2147483647;
			files = (
			);
			inputPaths = (
			);
			name = "Embed Pods Frameworks";
			outputPaths = (
			);
			runOnlyForDeploymentPostprocessing = 0;
			shellPath = /bin/sh;
			shellScript = "\"${SRCROOT}/Pods/Target Support Files/Pods/Pods-frameworks.sh\"\n";
			showEnvVarsInLog = 0;
		};
		735D83BD614BF59745558EBC /* Check Pods Manifest.lock */ = {
			isa = PBXShellScriptBuildPhase;
			buildActionMask = 2147483647;
			files = (
			);
			inputPaths = (
			);
			name = "Check Pods Manifest.lock";
			outputPaths = (
			);
			runOnlyForDeploymentPostprocessing = 0;
			shellPath = /bin/sh;
			shellScript = "diff \"${PODS_ROOT}/../Podfile.lock\" \"${PODS_ROOT}/Manifest.lock\" > /dev/null\nif [[ $? != 0 ]] ; then\n    cat << EOM\nerror: The sandbox is not in sync with the Podfile.lock. Run 'pod install' or update your CocoaPods installation.\nEOM\n    exit 1\nfi\n";
			showEnvVarsInLog = 0;
		};
		F173B03E89587DB5DD175EF8 /* Copy Pods Resources */ = {
			isa = PBXShellScriptBuildPhase;
			buildActionMask = 2147483647;
			files = (
			);
			inputPaths = (
			);
			name = "Copy Pods Resources";
			outputPaths = (
			);
			runOnlyForDeploymentPostprocessing = 0;
			shellPath = /bin/sh;
			shellScript = "\"${SRCROOT}/Pods/Target Support Files/Pods/Pods-resources.sh\"\n";
			showEnvVarsInLog = 0;
		};
/* End PBXShellScriptBuildPhase section */

/* Begin PBXSourcesBuildPhase section */
		453537C11C8E931B00BA209B /* Sources */ = {
			isa = PBXSourcesBuildPhase;
			buildActionMask = 2147483647;
			files = (
				450448D61CA1175800948728 /* IDCardLayer.m in Sources */,
				450448D91CA13BDB00948728 /* UIImage-Extensions.m in Sources */,
				45FEB7321CA36F2C005A173B /* UIImage+Denoise.m in Sources */,
				453537D01C8E931B00BA209B /* ViewController.m in Sources */,
				45E120E91CB647F50075F6C5 /* AddIDViewController.m in Sources */,
				45E120E61CB643B30075F6C5 /* SelectIDViewController.m in Sources */,
				457FFAF51CC4728B006C8C75 /* Base64.m in Sources */,
				457FFAF91CC47364006C8C75 /* JSON.m in Sources */,
				453537CD1C8E931B00BA209B /* AppDelegate.m in Sources */,
				45FA9AA81CA4C969005C6725 /* HUD.m in Sources */,
				453537CA1C8E931B00BA209B /* main.m in Sources */,
			);
			runOnlyForDeploymentPostprocessing = 0;
		};
/* End PBXSourcesBuildPhase section */

/* Begin PBXVariantGroup section */
		453537D11C8E931B00BA209B /* Main.storyboard */ = {
			isa = PBXVariantGroup;
			children = (
				453537D21C8E931B00BA209B /* Base */,
			);
			name = Main.storyboard;
			sourceTree = "<group>";
		};
		453537D61C8E931B00BA209B /* LaunchScreen.storyboard */ = {
			isa = PBXVariantGroup;
			children = (
				453537D71C8E931B00BA209B /* Base */,
			);
			name = LaunchScreen.storyboard;
			sourceTree = "<group>";
		};
/* End PBXVariantGroup section */

/* Begin XCBuildConfiguration section */
		453537DA1C8E931B00BA209B /* Debug */ = {
			isa = XCBuildConfiguration;
			buildSettings = {
				ALWAYS_SEARCH_USER_PATHS = NO;
				CLANG_CXX_LANGUAGE_STANDARD = "gnu++0x";
				CLANG_CXX_LIBRARY = "libc++";
				CLANG_ENABLE_MODULES = YES;
				CLANG_ENABLE_OBJC_ARC = YES;
				CLANG_WARN_BOOL_CONVERSION = YES;
				CLANG_WARN_CONSTANT_CONVERSION = YES;
				CLANG_WARN_DIRECT_OBJC_ISA_USAGE = YES_ERROR;
				CLANG_WARN_EMPTY_BODY = YES;
				CLANG_WARN_ENUM_CONVERSION = YES;
				CLANG_WARN_INT_CONVERSION = YES;
				CLANG_WARN_OBJC_ROOT_CLASS = YES_ERROR;
				CLANG_WARN_UNREACHABLE_CODE = YES;
				CLANG_WARN__DUPLICATE_METHOD_MATCH = YES;
				"CODE_SIGN_IDENTITY[sdk=iphoneos*]" = "iPhone Developer";
				COPY_PHASE_STRIP = NO;
				DEBUG_INFORMATION_FORMAT = dwarf;
				ENABLE_STRICT_OBJC_MSGSEND = YES;
				ENABLE_TESTABILITY = YES;
				GCC_C_LANGUAGE_STANDARD = gnu99;
				GCC_DYNAMIC_NO_PIC = NO;
				GCC_NO_COMMON_BLOCKS = YES;
				GCC_OPTIMIZATION_LEVEL = 0;
				GCC_PREPROCESSOR_DEFINITIONS = (
					"DEBUG=1",
					"$(inherited)",
				);
				GCC_WARN_64_TO_32_BIT_CONVERSION = YES;
				GCC_WARN_ABOUT_RETURN_TYPE = YES_ERROR;
				GCC_WARN_UNDECLARED_SELECTOR = YES;
				GCC_WARN_UNINITIALIZED_AUTOS = YES_AGGRESSIVE;
				GCC_WARN_UNUSED_FUNCTION = YES;
				GCC_WARN_UNUSED_VARIABLE = YES;
				IPHONEOS_DEPLOYMENT_TARGET = 9.2;
				MTL_ENABLE_DEBUG_INFO = YES;
				ONLY_ACTIVE_ARCH = YES;
				SDKROOT = iphoneos;
				TARGETED_DEVICE_FAMILY = "1,2";
			};
			name = Debug;
		};
		453537DB1C8E931B00BA209B /* Release */ = {
			isa = XCBuildConfiguration;
			buildSettings = {
				ALWAYS_SEARCH_USER_PATHS = NO;
				CLANG_CXX_LANGUAGE_STANDARD = "gnu++0x";
				CLANG_CXX_LIBRARY = "libc++";
				CLANG_ENABLE_MODULES = YES;
				CLANG_ENABLE_OBJC_ARC = YES;
				CLANG_WARN_BOOL_CONVERSION = YES;
				CLANG_WARN_CONSTANT_CONVERSION = YES;
				CLANG_WARN_DIRECT_OBJC_ISA_USAGE = YES_ERROR;
				CLANG_WARN_EMPTY_BODY = YES;
				CLANG_WARN_ENUM_CONVERSION = YES;
				CLANG_WARN_INT_CONVERSION = YES;
				CLANG_WARN_OBJC_ROOT_CLASS = YES_ERROR;
				CLANG_WARN_UNREACHABLE_CODE = YES;
				CLANG_WARN__DUPLICATE_METHOD_MATCH = YES;
				"CODE_SIGN_IDENTITY[sdk=iphoneos*]" = "iPhone Developer";
				COPY_PHASE_STRIP = NO;
				DEBUG_INFORMATION_FORMAT = "dwarf-with-dsym";
				ENABLE_NS_ASSERTIONS = NO;
				ENABLE_STRICT_OBJC_MSGSEND = YES;
				GCC_C_LANGUAGE_STANDARD = gnu99;
				GCC_NO_COMMON_BLOCKS = YES;
				GCC_WARN_64_TO_32_BIT_CONVERSION = YES;
				GCC_WARN_ABOUT_RETURN_TYPE = YES_ERROR;
				GCC_WARN_UNDECLARED_SELECTOR = YES;
				GCC_WARN_UNINITIALIZED_AUTOS = YES_AGGRESSIVE;
				GCC_WARN_UNUSED_FUNCTION = YES;
				GCC_WARN_UNUSED_VARIABLE = YES;
				IPHONEOS_DEPLOYMENT_TARGET = 9.2;
				MTL_ENABLE_DEBUG_INFO = NO;
				SDKROOT = iphoneos;
				TARGETED_DEVICE_FAMILY = "1,2";
				VALIDATE_PRODUCT = YES;
			};
			name = Release;
		};
		453537DD1C8E931B00BA209B /* Debug */ = {
			isa = XCBuildConfiguration;
			baseConfigurationReference = 439E29F06EA0F10A10106F67 /* Pods.debug.xcconfig */;
			buildSettings = {
				ASSETCATALOG_COMPILER_APPICON_NAME = AppIcon;
				CODE_SIGN_IDENTITY = "iPhone Distribution: PnR Data Service Co.,Ltd";
				ENABLE_BITCODE = NO;
				INFOPLIST_FILE = testOCR/Info.plist;
				IPHONEOS_DEPLOYMENT_TARGET = 7.0;
				LD_RUNPATH_SEARCH_PATHS = "$(inherited) @executable_path/Frameworks";
				LIBRARY_SEARCH_PATHS = (
					"$(inherited)",
					"$(PROJECT_DIR)/testOCR/ImageMagick/lib",
					"$(PROJECT_DIR)/testOCR/Tesseract/lib",
				);
				OTHER_LDFLAGS = (
					"$(inherited)",
					"-ObjC",
					"-llept",
					"-ltesseract",
					"-l\"CPCameraView\"",
					"-l\"UIImage+Additions\"",
					"-framework",
					"\"UIKit\"",
				);
				PRODUCT_BUNDLE_IDENTIFIER = com.chinapnr.tty2.beta.enterprise;
				PRODUCT_NAME = "$(TARGET_NAME)";
				PROVISIONING_PROFILE = "151ef99e-7733-4870-bec3-b489e8e1720e";
			};
			name = Debug;
		};
		453537DE1C8E931B00BA209B /* Release */ = {
			isa = XCBuildConfiguration;
			baseConfigurationReference = E4A944505AF57CF8E19FAC23 /* Pods.release.xcconfig */;
			buildSettings = {
				ASSETCATALOG_COMPILER_APPICON_NAME = AppIcon;
				CODE_SIGN_IDENTITY = "iPhone Distribution: PnR Data Service Co.,Ltd";
				ENABLE_BITCODE = NO;
				INFOPLIST_FILE = testOCR/Info.plist;
				IPHONEOS_DEPLOYMENT_TARGET = 7.0;
				LD_RUNPATH_SEARCH_PATHS = "$(inherited) @executable_path/Frameworks";
				LIBRARY_SEARCH_PATHS = (
					"$(inherited)",
					"$(PROJECT_DIR)/testOCR/ImageMagick/lib",
					"$(PROJECT_DIR)/testOCR/Tesseract/lib",
				);
				OTHER_LDFLAGS = (
					"$(inherited)",
					"-ObjC",
					"-llept",
					"-ltesseract",
					"-l\"CPCameraView\"",
					"-l\"UIImage+Additions\"",
					"-framework",
					"\"UIKit\"",
				);
				PRODUCT_BUNDLE_IDENTIFIER = com.chinapnr.tty2.beta.enterprise;
				PRODUCT_NAME = "$(TARGET_NAME)";
				PROVISIONING_PROFILE = "151ef99e-7733-4870-bec3-b489e8e1720e";
			};
			name = Release;
		};
/* End XCBuildConfiguration section */

/* Begin XCConfigurationList section */
		453537C01C8E931B00BA209B /* Build configuration list for PBXProject "testOCR" */ = {
			isa = XCConfigurationList;
			buildConfigurations = (
				453537DA1C8E931B00BA209B /* Debug */,
				453537DB1C8E931B00BA209B /* Release */,
			);
			defaultConfigurationIsVisible = 0;
			defaultConfigurationName = Release;
		};
		453537DC1C8E931B00BA209B /* Build configuration list for PBXNativeTarget "testOCR" */ = {
			isa = XCConfigurationList;
			buildConfigurations = (
				453537DD1C8E931B00BA209B /* Debug */,
				453537DE1C8E931B00BA209B /* Release */,
			);
			defaultConfigurationIsVisible = 0;
			defaultConfigurationName = Release;
		};
/* End XCConfigurationList section */
	};
	rootObject = 453537BD1C8E931B00BA209B /* Project object */;
}
